
Microsoft Visual Studio Solution File, Format Version 12.00
# Visual Studio 14
VisualStudioVersion = 14.0.24720.0
MinimumVisualStudioVersion = 10.0.40219.1
Project("{FAE04EC0-301F-11D3-BF4B-00C04F79EFBC}") = "Oscilloscope", "Oscilloscope\Oscilloscope.csproj", "{6CB72271-EB67-448B-BB51-FDB25DBA5566}"
EndProject
Project("{54435603-DBB4-11D2-8724-00A0C9A8B90C}") = "OscilloscopeSetup", "OscilloscopeSetup\OscilloscopeSetup.vdproj", "{9DB8BC2B-D7AB-44BB-BFB0-6AF1AE31F716}"
EndProject
Global
	GlobalSection(SolutionConfigurationPlatforms) = preSolution
		Debug|Any CPU = Debug|Any CPU
		Release|Any CPU = Release|Any CPU
	EndGlobalSection
	GlobalSection(ProjectConfigurationPlatforms) = postSolution
		{6CB72271-EB67-448B-BB51-FDB25DBA5566}.Debug|Any CPU.ActiveCfg = Debug|Any CPU
		{6CB72271-EB67-448B-BB51-FDB25DBA5566}.Debug|Any CPU.Build.0 = Debug|Any CPU
		{6CB72271-EB67-448B-BB51-FDB25DBA5566}.Release|Any CPU.ActiveCfg = Release|Any CPU
		{6CB72271-EB67-448B-BB51-FDB25DBA5566}.Release|Any CPU.Build.0 = Release|Any CPU
		{9DB8BC2B-D7AB-44BB-BFB0-6AF1AE31F716}.Debug|Any CPU.ActiveCfg = Debug
		{9DB8BC2B-D7AB-44BB-BFB0-6AF1AE31F716}.Release|Any CPU.ActiveCfg = Release
	EndGlobalSection
	GlobalSection(SolutionProperties) = preSolution
		HideSolutionNode = FALSE
	EndGlobalSection
EndGlobal
